
Microsoft Visual Studio Solution File, Format Version 12.00
# Visual Studio 15
Project("{FAE04EC0-301F-11D3-BF4B-00C04F79EFBC}") = "Assembly-CSharp", "Assembly-CSharp.csproj", "{CB614BD5-7F29-8332-2FE1-58054D000445}"
EndProject
Global
	GlobalSection(SolutionConfigurationPlatforms) = preSolution
		Debug|Any CPU = Debug|Any CPU
		Release|Any CPU = Release|Any CPU
	EndGlobalSection
	GlobalSection(ProjectConfigurationPlatforms) = postSolution
		{CB614BD5-7F29-8332-2FE1-58054D000445}.Debug|Any CPU.ActiveCfg = Debug|Any CPU
		{CB614BD5-7F29-8332-2FE1-58054D000445}.Debug|Any CPU.Build.0 = Debug|Any CPU
		{CB614BD5-7F29-8332-2FE1-58054D000445}.Release|Any CPU.ActiveCfg = Release|Any CPU
		{CB614BD5-7F29-8332-2FE1-58054D000445}.Release|Any CPU.Build.0 = Release|Any CPU
	EndGlobalSection
	GlobalSection(SolutionProperties) = preSolution
		HideSolutionNode = FALSE
	EndGlobalSection
EndGlobal
